// !$*UTF8*$!
{
	archiveVersion = 1;
	classes = {
	};
	objectVersion = 46;
	objects = {

/* Begin PBXBuildFile section */
		B0D8D8761A2FC20F0076B921 /* main.m in Sources */ = {isa = PBXBuildFile; fileRef = B0D8D8751A2FC20F0076B921 /* main.m */; };
		B0D8D8791A2FC20F0076B921 /* AppDelegate.m in Sources */ = {isa = PBXBuildFile; fileRef = B0D8D8781A2FC20F0076B921 /* AppDelegate.m */; };
		B0D8D87C1A2FC20F0076B921 /* ViewController.m in Sources */ = {isa = PBXBuildFile; fileRef = B0D8D87B1A2FC20F0076B921 /* ViewController.m */; };
		B0D8D8811A2FC20F0076B921 /* Images.xcassets in Resources */ = {isa = PBXBuildFile; fileRef = B0D8D8801A2FC20F0076B921 /* Images.xcassets */; };
		B0D8D8901A2FC20F0076B921 /* SampleAppiOS1Tests.m in Sources */ = {isa = PBXBuildFile; fileRef = B0D8D88F1A2FC20F0076B921 /* SampleAppiOS1Tests.m */; };
		B0D8D89A1A2FC90C0076B921 /* View.xib in Resources */ = {isa = PBXBuildFile; fileRef = B0D8D8991A2FC90C0076B921 /* View.xib */; };
		B0D8D89D1A30049E0076B921 /* TimeZonesViewController.m in Sources */ = {isa = PBXBuildFile; fileRef = B0D8D89C1A30049E0076B921 /* TimeZonesViewController.m */; };
/* End PBXBuildFile section */

/* Begin PBXContainerItemProxy section */
		B0D8D88A1A2FC20F0076B921 /* PBXContainerItemProxy */ = {
			isa = PBXContainerItemProxy;
			containerPortal = B0D8D8681A2FC20F0076B921 /* Project object */;
			proxyType = 1;
			remoteGlobalIDString = B0D8D86F1A2FC20F0076B921;
			remoteInfo = SampleAppiOS1;
		};
/* End PBXContainerItemProxy section */

/* Begin PBXFileReference section */
		B0D8D8701A2FC20F0076B921 /* SampleAppiOS1.app */ = {isa = PBXFileReference; explicitFileType = wrapper.application; includeInIndex = 0; path = SampleAppiOS1.app; sourceTree = BUILT_PRODUCTS_DIR; };
		B0D8D8741A2FC20F0076B921 /* Info.plist */ = {isa = PBXFileReference; lastKnownFileType = text.plist.xml; path = Info.plist; sourceTree = "<group>"; };
		B0D8D8751A2FC20F0076B921 /* main.m */ = {isa = PBXFileReference; lastKnownFileType = sourcecode.c.objc; path = main.m; sourceTree = "<group>"; };
		B0D8D8771A2FC20F0076B921 /* AppDelegate.h */ = {isa = PBXFileReference; lastKnownFileType = sourcecode.c.h; path = AppDelegate.h; sourceTree = "<group>"; };
		B0D8D8781A2FC20F0076B921 /* AppDelegate.m */ = {isa = PBXFileReference; lastKnownFileType = sourcecode.c.objc; path = AppDelegate.m; sourceTree = "<group>"; };
		B0D8D87A1A2FC20F0076B921 /* ViewController.h */ = {isa = PBXFileReference; lastKnownFileType = sourcecode.c.h; path = ViewController.h; sourceTree = "<group>"; };
		B0D8D87B1A2FC20F0076B921 /* ViewController.m */ = {isa = PBXFileReference; lastKnownFileType = sourcecode.c.objc; path = ViewController.m; sourceTree = "<group>"; };
		B0D8D8801A2FC20F0076B921 /* Images.xcassets */ = {isa = PBXFileReference; lastKnownFileType = folder.assetcatalog; path = Images.xcassets; sourceTree = "<group>"; };
		B0D8D8891A2FC20F0076B921 /* SampleAppiOS1Tests.xctest */ = {isa = PBXFileReference; explicitFileType = wrapper.cfbundle; includeInIndex = 0; path = SampleAppiOS1Tests.xctest; sourceTree = BUILT_PRODUCTS_DIR; };
		B0D8D88E1A2FC20F0076B921 /* Info.plist */ = {isa = PBXFileReference; lastKnownFileType = text.plist.xml; path = Info.plist; sourceTree = "<group>"; };
		B0D8D88F1A2FC20F0076B921 /* SampleAppiOS1Tests.m */ = {isa = PBXFileReference; lastKnownFileType = sourcecode.c.objc; path = SampleAppiOS1Tests.m; sourceTree = "<group>"; };
		B0D8D8991A2FC90C0076B921 /* View.xib */ = {isa = PBXFileReference; fileEncoding = 4; lastKnownFileType = file.xib; path = View.xib; sourceTree = "<group>"; };
		B0D8D89B1A30049E0076B921 /* TimeZonesViewController.h */ = {isa = PBXFileReference; fileEncoding = 4; lastKnownFileType = sourcecode.c.h; path = TimeZonesViewController.h; sourceTree = "<group>"; };
		B0D8D89C1A30049E0076B921 /* TimeZonesViewController.m */ = {isa = PBXFileReference; fileEncoding = 4; lastKnownFileType = sourcecode.c.objc; path = TimeZonesViewController.m; sourceTree = "<group>"; };
/* End PBXFileReference section */

/* Begin PBXFrameworksBuildPhase section */
		B0D8D86D1A2FC20F0076B921 /* Frameworks */ = {
			isa = PBXFrameworksBuildPhase;
			buildActionMask = 2147483647;
			files = (
			);
			runOnlyForDeploymentPostprocessing = 0;
		};
		B0D8D8861A2FC20F0076B921 /* Frameworks */ = {
			isa = PBXFrameworksBuildPhase;
			buildActionMask = 2147483647;
			files = (
			);
			runOnlyForDeploymentPostprocessing = 0;
		};
/* End PBXFrameworksBuildPhase section */

/* Begin PBXGroup section */
		B0D8D8671A2FC20F0076B921 = {
			isa = PBXGroup;
			children = (
				B0D8D8721A2FC20F0076B921 /* SampleAppiOS1 */,
				B0D8D88C1A2FC20F0076B921 /* SampleAppiOS1Tests */,
				B0D8D8711A2FC20F0076B921 /* Products */,
			);
			sourceTree = "<group>";
		};
		B0D8D8711A2FC20F0076B921 /* Products */ = {
			isa = PBXGroup;
			children = (
				B0D8D8701A2FC20F0076B921 /* SampleAppiOS1.app */,
				B0D8D8891A2FC20F0076B921 /* SampleAppiOS1Tests.xctest */,
			);
			name = Products;
			sourceTree = "<group>";
		};
		B0D8D8721A2FC20F0076B921 /* SampleAppiOS1 */ = {
			isa = PBXGroup;
			children = (
				B0D8D8771A2FC20F0076B921 /* AppDelegate.h */,
				B0D8D8781A2FC20F0076B921 /* AppDelegate.m */,
				B0D8D87A1A2FC20F0076B921 /* ViewController.h */,
				B0D8D87B1A2FC20F0076B921 /* ViewController.m */,
				B0D8D8991A2FC90C0076B921 /* View.xib */,
				B0D8D89B1A30049E0076B921 /* TimeZonesViewController.h */,
				B0D8D89C1A30049E0076B921 /* TimeZonesViewController.m */,
				B0D8D8801A2FC20F0076B921 /* Images.xcassets */,
				B0D8D8731A2FC20F0076B921 /* Supporting Files */,
			);
			path = SampleAppiOS1;
			sourceTree = "<group>";
		};
		B0D8D8731A2FC20F0076B921 /* Supporting Files */ = {
			isa = PBXGroup;
			children = (
				B0D8D8741A2FC20F0076B921 /* Info.plist */,
				B0D8D8751A2FC20F0076B921 /* main.m */,
			);
			name = "Supporting Files";
			sourceTree = "<group>";
		};
		B0D8D88C1A2FC20F0076B921 /* SampleAppiOS1Tests */ = {
			isa = PBXGroup;
			children = (
				B0D8D88F1A2FC20F0076B921 /* SampleAppiOS1Tests.m */,
				B0D8D88D1A2FC20F0076B921 /* Supporting Files */,
			);
			path = SampleAppiOS1Tests;
			sourceTree = "<group>";
		};
		B0D8D88D1A2FC20F0076B921 /* Supporting Files */ = {
			isa = PBXGroup;
			children = (
				B0D8D88E1A2FC20F0076B921 /* Info.plist */,
			);
			name = "Supporting Files";
			sourceTree = "<group>";
		};
/* End PBXGroup section */

/* Begin PBXNativeTarget section */
		B0D8D86F1A2FC20F0076B921 /* SampleAppiOS1 */ = {
			isa = PBXNativeTarget;
			buildConfigurationList = B0D8D8931A2FC20F0076B921 /* Build configuration list for PBXNativeTarget "SampleAppiOS1" */;
			buildPhases = (
				B0D8D86C1A2FC20F0076B921 /* Sources */,
				B0D8D86D1A2FC20F0076B921 /* Frameworks */,
				B0D8D86E1A2FC20F0076B921 /* Resources */,
			);
			buildRules = (
			);
			dependencies = (
			);
			name = SampleAppiOS1;
			productName = SampleAppiOS1;
			productReference = B0D8D8701A2FC20F0076B921 /* SampleAppiOS1.app */;
			productType = "com.apple.product-type.application";
		};
		B0D8D8881A2FC20F0076B921 /* SampleAppiOS1Tests */ = {
			isa = PBXNativeTarget;
			buildConfigurationList = B0D8D8961A2FC20F0076B921 /* Build configuration list for PBXNativeTarget "SampleAppiOS1Tests" */;
			buildPhases = (
				B0D8D8851A2FC20F0076B921 /* Sources */,
				B0D8D8861A2FC20F0076B921 /* Frameworks */,
				B0D8D8871A2FC20F0076B921 /* Resources */,
			);
			buildRules = (
			);
			dependencies = (
				B0D8D88B1A2FC20F0076B921 /* PBXTargetDependency */,
			);
			name = SampleAppiOS1Tests;
			productName = SampleAppiOS1Tests;
			productReference = B0D8D8891A2FC20F0076B921 /* SampleAppiOS1Tests.xctest */;
			productType = "com.apple.product-type.bundle.unit-test";
		};
/* End PBXNativeTarget section */

/* Begin PBXProject section */
		B0D8D8681A2FC20F0076B921 /* Project object */ = {
			isa = PBXProject;
			attributes = {
				LastUpgradeCheck = 0610;
				ORGANIZATIONNAME = "WES FUN GAMES";
				TargetAttributes = {
					B0D8D86F1A2FC20F0076B921 = {
						CreatedOnToolsVersion = 6.1;
					};
					B0D8D8881A2FC20F0076B921 = {
						CreatedOnToolsVersion = 6.1;
						TestTargetID = B0D8D86F1A2FC20F0076B921;
					};
				};
			};
			buildConfigurationList = B0D8D86B1A2FC20F0076B921 /* Build configuration list for PBXProject "SampleAppiOS1" */;
			compatibilityVersion = "Xcode 3.2";
			developmentRegion = English;
			hasScannedForEncodings = 0;
			knownRegions = (
				en,
				Base,
			);
			mainGroup = B0D8D8671A2FC20F0076B921;
			productRefGroup = B0D8D8711A2FC20F0076B921 /* Products */;
			projectDirPath = "";
			projectRoot = "";
			targets = (
				B0D8D86F1A2FC20F0076B921 /* SampleAppiOS1 */,
				B0D8D8881A2FC20F0076B921 /* SampleAppiOS1Tests */,
			);
		};
/* End PBXProject section */

/* Begin PBXResourcesBuildPhase section */
		B0D8D86E1A2FC20F0076B921 /* Resources */ = {
			isa = PBXResourcesBuildPhase;
			buildActionMask = 2147483647;
			files = (
				B0D8D89A1A2FC90C0076B921 /* View.xib in Resources */,
				B0D8D8811A2FC20F0076B921 /* Images.xcassets in Resources */,
			);
			runOnlyForDeploymentPostprocessing = 0;
		};
		B0D8D8871A2FC20F0076B921 /* Resources */ = {
			isa = PBXResourcesBuildPhase;
			buildActionMask = 2147483647;
			files = (
			);
			runOnlyForDeploymentPostprocessing = 0;
		};
/* End PBXResourcesBuildPhase section */

/* Begin PBXSourcesBuildPhase section */
		B0D8D86C1A2FC20F0076B921 /* Sources */ = {
			isa = PBXSourcesBuildPhase;
			buildActionMask = 2147483647;
			files = (
				B0D8D87C1A2FC20F0076B921 /* ViewController.m in Sources */,
				B0D8D89D1A30049E0076B921 /* TimeZonesViewController.m in Sources */,
				B0D8D8791A2FC20F0076B921 /* AppDelegate.m in Sources */,
				B0D8D8761A2FC20F0076B921 /* main.m in Sources */,
			);
			runOnlyForDeploymentPostprocessing = 0;
		};
		B0D8D8851A2FC20F0076B921 /* Sources */ = {
			isa = PBXSourcesBuildPhase;
			buildActionMask = 2147483647;
			files = (
				B0D8D8901A2FC20F0076B921 /* SampleAppiOS1Tests.m in Sources */,
			);
			runOnlyForDeploymentPostprocessing = 0;
		};
/* End PBXSourcesBuildPhase section */

/* Begin PBXTargetDependency section */
		B0D8D88B1A2FC20F0076B921 /* PBXTargetDependency */ = {
			isa = PBXTargetDependency;
			target = B0D8D86F1A2FC20F0076B921 /* SampleAppiOS1 */;
			targetProxy = B0D8D88A1A2FC20F0076B921 /* PBXContainerItemProxy */;
		};
/* End PBXTargetDependency section */

/* Begin XCBuildConfiguration section */
		B0D8D8911A2FC20F0076B921 /* Debug */ = {
			isa = XCBuildConfiguration;
			buildSettings = {
				ALWAYS_SEARCH_USER_PATHS = NO;
				CLANG_CXX_LANGUAGE_STANDARD = "gnu++0x";
				CLANG_CXX_LIBRARY = "libc++";
				CLANG_ENABLE_MODULES = YES;
				CLANG_ENABLE_OBJC_ARC = YES;
				CLANG_WARN_BOOL_CONVERSION = YES;
				CLANG_WARN_CONSTANT_CONVERSION = YES;
				CLANG_WARN_DIRECT_OBJC_ISA_USAGE = YES_ERROR;
				CLANG_WARN_EMPTY_BODY = YES;
				CLANG_WARN_ENUM_CONVERSION = YES;
				CLANG_WARN_INT_CONVERSION = YES;
				CLANG_WARN_OBJC_ROOT_CLASS = YES_ERROR;
				CLANG_WARN_UNREACHABLE_CODE = YES;
				CLANG_WARN__DUPLICATE_METHOD_MATCH = YES;
				"CODE_SIGN_IDENTITY[sdk=iphoneos*]" = "iPhone Developer";
				COPY_PHASE_STRIP = NO;
				ENABLE_STRICT_OBJC_MSGSEND = YES;
				GCC_C_LANGUAGE_STANDARD = gnu99;
				GCC_DYNAMIC_NO_PIC = NO;
				GCC_OPTIMIZATION_LEVEL = 0;
				GCC_PREPROCESSOR_DEFINITIONS = (
					"DEBUG=1",
					"$(inherited)",
				);
				GCC_SYMBOLS_PRIVATE_EXTERN = NO;
				GCC_WARN_64_TO_32_BIT_CONVERSION = YES;
				GCC_WARN_ABOUT_RETURN_TYPE = YES_ERROR;
				GCC_WARN_UNDECLARED_SELECTOR = YES;
				GCC_WARN_UNINITIALIZED_AUTOS = YES_AGGRESSIVE;
				GCC_WARN_UNUSED_FUNCTION = YES;
				GCC_WARN_UNUSED_VARIABLE = YES;
				IPHONEOS_DEPLOYMENT_TARGET = 8.1;
				MTL_ENABLE_DEBUG_INFO = YES;
				ONLY_ACTIVE_ARCH = YES;
				SDKROOT = iphoneos;
				TARGETED_DEVICE_FAMILY = "1,2";
			};
			name = Debug;
		};
		B0D8D8921A2FC20F0076B921 /* Release */ = {
			isa = XCBuildConfiguration;
			buildSettings = {
				ALWAYS_SEARCH_USER_PATHS = NO;
				CLANG_CXX_LANGUAGE_STANDARD = "gnu++0x";
				CLANG_CXX_LIBRARY = "libc++";
				CLANG_ENABLE_MODULES = YES;
				CLANG_ENABLE_OBJC_ARC = YES;
				CLANG_WARN_BOOL_CONVERSION = YES;
				CLANG_WARN_CONSTANT_CONVERSION = YES;
				CLANG_WARN_DIRECT_OBJC_ISA_USAGE = YES_ERROR;
				CLANG_WARN_EMPTY_BODY = YES;
				CLANG_WARN_ENUM_CONVERSION = YES;
				CLANG_WARN_INT_CONVERSION = YES;
				CLANG_WARN_OBJC_ROOT_CLASS = YES_ERROR;
				CLANG_WARN_UNREACHABLE_CODE = YES;
				CLANG_WARN__DUPLICATE_METHOD_MATCH = YES;
				"CODE_SIGN_IDENTITY[sdk=iphoneos*]" = "iPhone Developer";
				COPY_PHASE_STRIP = YES;
				ENABLE_NS_ASSERTIONS = NO;
				ENABLE_STRICT_OBJC_MSGSEND = YES;
				GCC_C_LANGUAGE_STANDARD = gnu99;
				GCC_WARN_64_TO_32_BIT_CONVERSION = YES;
				GCC_WARN_ABOUT_RETURN_TYPE = YES_ERROR;
				GCC_WARN_UNDECLARED_SELECTOR = YES;
				GCC_WARN_UNINITIALIZED_AUTOS = YES_AGGRESSIVE;
				GCC_WARN_UNUSED_FUNCTION = YES;
				GCC_WARN_UNUSED_VARIABLE = YES;
				IPHONEOS_DEPLOYMENT_TARGET = 8.1;
				MTL_ENABLE_DEBUG_INFO = NO;
				SDKROOT = iphoneos;
				TARGETED_DEVICE_FAMILY = "1,2";
				VALIDATE_PRODUCT = YES;
			};
			name = Release;
		};
		B0D8D8941A2FC20F0076B921 /* Debug */ = {
			isa = XCBuildConfiguration;
			buildSettings = {
				ASSETCATALOG_COMPILER_APPICON_NAME = AppIcon;
				ASSETCATALOG_COMPILER_LAUNCHIMAGE_NAME = "LaunchImage-2";
				INFOPLIST_FILE = SampleAppiOS1/Info.plist;
				IPHONEOS_DEPLOYMENT_TARGET = 7.0;
				LD_RUNPATH_SEARCH_PATHS = "$(inherited) @executable_path/Frameworks";
				PRODUCT_NAME = "$(TARGET_NAME)";
			};
			name = Debug;
		};
		B0D8D8951A2FC20F0076B921 /* Release */ = {
			isa = XCBuildConfiguration;
			buildSettings = {
				ASSETCATALOG_COMPILER_APPICON_NAME = AppIcon;
				ASSETCATALOG_COMPILER_LAUNCHIMAGE_NAME = "LaunchImage-2";
				INFOPLIST_FILE = SampleAppiOS1/Info.plist;
				IPHONEOS_DEPLOYMENT_TARGET = 7.0;
				LD_RUNPATH_SEARCH_PATHS = "$(inherited) @executable_path/Frameworks";
				PRODUCT_NAME = "$(TARGET_NAME)";
			};
			name = Release;
		};
		B0D8D8971A2FC20F0076B921 /* Debug */ = {
			isa = XCBuildConfiguration;
			buildSettings = {
				BUNDLE_LOADER = "$(TEST_HOST)";
				FRAMEWORK_SEARCH_PATHS = (
					"$(SDKROOT)/Developer/Library/Frameworks",
					"$(inherited)",
				);
				GCC_PREPROCESSOR_DEFINITIONS = (
					"DEBUG=1",
					"$(inherited)",
				);
				INFOPLIST_FILE = SampleAppiOS1Tests/Info.plist;
				LD_RUNPATH_SEARCH_PATHS = "$(inherited) @executable_path/Frameworks @loader_path/Frameworks";
				PRODUCT_NAME = "$(TARGET_NAME)";
				TEST_HOST = "$(BUILT_PRODUCTS_DIR)/SampleAppiOS1.app/SampleAppiOS1";
			};
			name = Debug;
		};
		B0D8D8981A2FC20F0076B921 /* Release */ = {
			isa = XCBuildConfiguration;
			buildSettings = {
				BUNDLE_LOADER = "$(TEST_HOST)";
				FRAMEWORK_SEARCH_PATHS = (
					"$(SDKROOT)/Developer/Library/Frameworks",
					"$(inherited)",
				);
				INFOPLIST_FILE = SampleAppiOS1Tests/Info.plist;
				LD_RUNPATH_SEARCH_PATHS = "$(inherited) @executable_path/Frameworks @loader_path/Frameworks";
				PRODUCT_NAME = "$(TARGET_NAME)";
				TEST_HOST = "$(BUILT_PRODUCTS_DIR)/SampleAppiOS1.app/SampleAppiOS1";
			};
			name = Release;
		};
/* End XCBuildConfiguration section */

/* Begin XCConfigurationList section */
		B0D8D86B1A2FC20F0076B921 /* Build configuration list for PBXProject "SampleAppiOS1" */ = {
			isa = XCConfigurationList;
			buildConfigurations = (
				B0D8D8911A2FC20F0076B921 /* Debug */,
				B0D8D8921A2FC20F0076B921 /* Release */,
			);
			defaultConfigurationIsVisible = 0;
			defaultConfigurationName = Release;
		};
		B0D8D8931A2FC20F0076B921 /* Build configuration list for PBXNativeTarget "SampleAppiOS1" */ = {
			isa = XCConfigurationList;
			buildConfigurations = (
				B0D8D8941A2FC20F0076B921 /* Debug */,
				B0D8D8951A2FC20F0076B921 /* Release */,
			);
			defaultConfigurationIsVisible = 0;
			defaultConfigurationName = Release;
		};
		B0D8D8961A2FC20F0076B921 /* Build configuration list for PBXNativeTarget "SampleAppiOS1Tests" */ = {
			isa = XCConfigurationList;
			buildConfigurations = (
				B0D8D8971A2FC20F0076B921 /* Debug */,
				B0D8D8981A2FC20F0076B921 /* Release */,
			);
			defaultConfigurationIsVisible = 0;
			defaultConfigurationName = Release;
		};
/* End XCConfigurationList section */
	};
	rootObject = B0D8D8681A2FC20F0076B921 /* Project object */;
}
